
Microsoft Visual Studio Solution File, Format Version 12.00
# Visual Studio 15
VisualStudioVersion = 15.0.27130.2024
MinimumVisualStudioVersion = 10.0.40219.1
Project("{8BC9CEB8-8B4A-11D0-8D11-00A0C91BC942}") = "ex4", "ex4\ex4.vcxproj", "{EEBBF58E-1516-41AE-8140-450AA07C84CE}"
EndProject
Project("{2150E333-8FDC-42A3-9474-1A3956D46DE8}") = "Solution Items", "Solution Items", "{18BDA0BE-AAF4-4E1A-B769-27F04FC5B433}"
	ProjectSection(SolutionItems) = preProject
		ex4\Main.cpp = ex4\Main.cpp
		ex4\Puzzle2dPiece.h = ex4\Puzzle2dPiece.h
	EndProjectSection
EndProject
Global
	GlobalSection(SolutionConfigurationPlatforms) = preSolution
		Debug|x64 = Debug|x64
		Debug|x86 = Debug|x86
		Release|x64 = Release|x64
		Release|x86 = Release|x86
	EndGlobalSection
	GlobalSection(ProjectConfigurationPlatforms) = postSolution
		{EEBBF58E-1516-41AE-8140-450AA07C84CE}.Debug|x64.ActiveCfg = Debug|x64
		{EEBBF58E-1516-41AE-8140-450AA07C84CE}.Debug|x64.Build.0 = Debug|x64
		{EEBBF58E-1516-41AE-8140-450AA07C84CE}.Debug|x86.ActiveCfg = Debug|Win32
		{EEBBF58E-1516-41AE-8140-450AA07C84CE}.Debug|x86.Build.0 = Debug|Win32
		{EEBBF58E-1516-41AE-8140-450AA07C84CE}.Release|x64.ActiveCfg = Release|x64
		{EEBBF58E-1516-41AE-8140-450AA07C84CE}.Release|x64.Build.0 = Release|x64
		{EEBBF58E-1516-41AE-8140-450AA07C84CE}.Release|x86.ActiveCfg = Release|Win32
		{EEBBF58E-1516-41AE-8140-450AA07C84CE}.Release|x86.Build.0 = Release|Win32
	EndGlobalSection
	GlobalSection(SolutionProperties) = preSolution
		HideSolutionNode = FALSE
	EndGlobalSection
	GlobalSection(ExtensibilityGlobals) = postSolution
		SolutionGuid = {D56385F2-B628-4A67-ABFC-5DC19C7BA077}
	EndGlobalSection
EndGlobal
